
Microsoft Visual Studio Solution File, Format Version 12.00
# Visual Studio 15
Project("{FAE04EC0-301F-11D3-BF4B-00C04F79EFBC}") = "Unity.XR.Interaction.Toolkit.Samples.StarterAssets", "Unity.XR.Interaction.Toolkit.Samples.StarterAssets.csproj", "{A56B35A8-DC36-B99A-A5B7-3876EC201116}"
EndProject
Project("{FAE04EC0-301F-11D3-BF4B-00C04F79EFBC}") = "Assembly-CSharp", "Assembly-CSharp.csproj", "{4BE2BD99-5C3A-6F63-6779-681775D1C0C5}"
EndProject
Project("{FAE04EC0-301F-11D3-BF4B-00C04F79EFBC}") = "Unity.XR.Interaction.Toolkit.Samples.ARStarterAssets", "Unity.XR.Interaction.Toolkit.Samples.ARStarterAssets.csproj", "{B53D33ED-3194-4B35-900E-EB0E16B170A1}"
EndProject
Project("{FAE04EC0-301F-11D3-BF4B-00C04F79EFBC}") = "Unity.XR.Interaction.Toolkit.Samples.ARStarterAssets.Editor", "Unity.XR.Interaction.Toolkit.Samples.ARStarterAssets.Editor.csproj", "{831883A0-EC7C-8479-959B-617AE1AFE8E3}"
EndProject
Project("{FAE04EC0-301F-11D3-BF4B-00C04F79EFBC}") = "Unity.XR.Interaction.Toolkit.Samples.StarterAssets.Editor", "Unity.XR.Interaction.Toolkit.Samples.StarterAssets.Editor.csproj", "{C97BFEEC-C6B0-96AF-3346-4B0120E24474}"
EndProject
Global
	GlobalSection(SolutionConfigurationPlatforms) = preSolution
		Debug|Any CPU = Debug|Any CPU
		Release|Any CPU = Release|Any CPU
	EndGlobalSection
	GlobalSection(ProjectConfigurationPlatforms) = postSolution
		{A56B35A8-DC36-B99A-A5B7-3876EC201116}.Debug|Any CPU.ActiveCfg = Debug|Any CPU
		{A56B35A8-DC36-B99A-A5B7-3876EC201116}.Debug|Any CPU.Build.0 = Debug|Any CPU
		{A56B35A8-DC36-B99A-A5B7-3876EC201116}.Release|Any CPU.ActiveCfg = Release|Any CPU
		{A56B35A8-DC36-B99A-A5B7-3876EC201116}.Release|Any CPU.Build.0 = Release|Any CPU
		{4BE2BD99-5C3A-6F63-6779-681775D1C0C5}.Debug|Any CPU.ActiveCfg = Debug|Any CPU
		{4BE2BD99-5C3A-6F63-6779-681775D1C0C5}.Debug|Any CPU.Build.0 = Debug|Any CPU
		{4BE2BD99-5C3A-6F63-6779-681775D1C0C5}.Release|Any CPU.ActiveCfg = Release|Any CPU
		{4BE2BD99-5C3A-6F63-6779-681775D1C0C5}.Release|Any CPU.Build.0 = Release|Any CPU
		{B53D33ED-3194-4B35-900E-EB0E16B170A1}.Debug|Any CPU.ActiveCfg = Debug|Any CPU
		{B53D33ED-3194-4B35-900E-EB0E16B170A1}.Debug|Any CPU.Build.0 = Debug|Any CPU
		{B53D33ED-3194-4B35-900E-EB0E16B170A1}.Release|Any CPU.ActiveCfg = Release|Any CPU
		{B53D33ED-3194-4B35-900E-EB0E16B170A1}.Release|Any CPU.Build.0 = Release|Any CPU
		{831883A0-EC7C-8479-959B-617AE1AFE8E3}.Debug|Any CPU.ActiveCfg = Debug|Any CPU
		{831883A0-EC7C-8479-959B-617AE1AFE8E3}.Debug|Any CPU.Build.0 = Debug|Any CPU
		{831883A0-EC7C-8479-959B-617AE1AFE8E3}.Release|Any CPU.ActiveCfg = Release|Any CPU
		{831883A0-EC7C-8479-959B-617AE1AFE8E3}.Release|Any CPU.Build.0 = Release|Any CPU
		{C97BFEEC-C6B0-96AF-3346-4B0120E24474}.Debug|Any CPU.ActiveCfg = Debug|Any CPU
		{C97BFEEC-C6B0-96AF-3346-4B0120E24474}.Debug|Any CPU.Build.0 = Debug|Any CPU
		{C97BFEEC-C6B0-96AF-3346-4B0120E24474}.Release|Any CPU.ActiveCfg = Release|Any CPU
		{C97BFEEC-C6B0-96AF-3346-4B0120E24474}.Release|Any CPU.Build.0 = Release|Any CPU
	EndGlobalSection
	GlobalSection(SolutionProperties) = preSolution
		HideSolutionNode = FALSE
	EndGlobalSection
EndGlobal
